
Microsoft Visual Studio Solution File, Format Version 12.00
Project("{FAE04EC0-301F-11D3-BF4B-00C04F79EFBC}") = "Coretech9.Kafkas", "Coretech9.Kafkas\Coretech9.Kafkas.csproj", "{AD0250BB-3623-4C66-B1BB-F219D1BCC2ED}"
EndProject
Project("{FAE04EC0-301F-11D3-BF4B-00C04F79EFBC}") = "Sample.Consumer", "Sample.Consumer\Sample.Consumer.csproj", "{1D011DD9-1070-4DBA-96D1-D094B9F77892}"
EndProject
Global
	GlobalSection(SolutionConfigurationPlatforms) = preSolution
		Debug|Any CPU = Debug|Any CPU
		Release|Any CPU = Release|Any CPU
	EndGlobalSection
	GlobalSection(ProjectConfigurationPlatforms) = postSolution
		{AD0250BB-3623-4C66-B1BB-F219D1BCC2ED}.Debug|Any CPU.ActiveCfg = Debug|Any CPU
		{AD0250BB-3623-4C66-B1BB-F219D1BCC2ED}.Debug|Any CPU.Build.0 = Debug|Any CPU
		{AD0250BB-3623-4C66-B1BB-F219D1BCC2ED}.Release|Any CPU.ActiveCfg = Release|Any CPU
		{AD0250BB-3623-4C66-B1BB-F219D1BCC2ED}.Release|Any CPU.Build.0 = Release|Any CPU
		{1D011DD9-1070-4DBA-96D1-D094B9F77892}.Debug|Any CPU.ActiveCfg = Debug|Any CPU
		{1D011DD9-1070-4DBA-96D1-D094B9F77892}.Debug|Any CPU.Build.0 = Debug|Any CPU
		{1D011DD9-1070-4DBA-96D1-D094B9F77892}.Release|Any CPU.ActiveCfg = Release|Any CPU
		{1D011DD9-1070-4DBA-96D1-D094B9F77892}.Release|Any CPU.Build.0 = Release|Any CPU
	EndGlobalSection
EndGlobal
